{
  "originHash" : "6476c846bd0b8b8509d130080552e961a12438546acdcf70e34b7366d58e3377",
  "pins" : [
    {
      "identity" : "wechatopensdk",
      "kind" : "remoteSourceControl",
      "location" : "https://github.com/yanyin1986/WechatOpenSDK",
      "state" : {
        "revision" : "291a3f40fd03ce23d193e7b761d79bcbb12eb8a9",
        "version" : "2.0.7"
      }
    },
    {
      "identity" : "wwsigninwith3rd_apple",
      "kind" : "remoteSourceControl",
      "location" : "https://github.com/William-Weng/WWSignInWith3rd_Apple",
      "state" : {
        "revision" : "70378fd27b11179e59f877ac21dbbc890987deae",
        "version" : "1.1.4"
      }
    },
    {
      "identity" : "wwsigninwith3rd_wechat",
      "kind" : "remoteSourceControl",
      "location" : "https://github.com/William-Weng/WWSignInWith3rd_Wechat",
      "state" : {
        "revision" : "87464548debe778d199b58731e8ddb0471608fbd",
        "version" : "1.2.1"
      }
    }
  ],
  "version" : 3
}
